{
  "name": "uswds-tutorial",
  "lockfileVersion": 2,
  "requires": true,
  "packages": {
    "": {
      "name": "uswds-tutorial",
      "hasInstallScript": true,
      "license": "CC0-1.0",
      "devDependencies": {
        "snyk": "^1.704.0"
      }
    },
    "node_modules/snyk": {
      "version": "1.821.0",
      "resolved": "https://registry.npmjs.org/snyk/-/snyk-1.821.0.tgz",
      "integrity": "sha512-ZKFwIrdhBf2kOxDUUpf1gKiOehu4B1nu16pXZ9H6bRp4t7QIdVVtjsqGAy0pmWqug8+1uroMb/SsGFmumRwVsw==",
      "dev": true,
      "bin": {
        "snyk": "bin/snyk"
      },
      "engines": {
        "node": ">=10"
      }
    }
  },
  "dependencies": {
    "snyk": {
      "version": "1.821.0",
      "resolved": "https://registry.npmjs.org/snyk/-/snyk-1.821.0.tgz",
      "integrity": "sha512-ZKFwIrdhBf2kOxDUUpf1gKiOehu4B1nu16pXZ9H6bRp4t7QIdVVtjsqGAy0pmWqug8+1uroMb/SsGFmumRwVsw==",
      "dev": true
    }
  }
}
