{
  "name": "uswds-tutorial",
  "lockfileVersion": 2,
  "requires": true,
  "packages": {
    "": {
      "name": "uswds-tutorial",
      "hasInstallScript": true,
      "license": "CC0-1.0",
      "devDependencies": {
        "snyk": "^1.996.0"
      }
    },
    "node_modules/snyk": {
      "version": "1.996.0",
      "resolved": "https://registry.npmjs.org/snyk/-/snyk-1.996.0.tgz",
      "integrity": "sha512-nq//Ely0bSt50LzX9Er5lCQNqTpaKn7I7xkhUB3Z+8rs8Jqha360HeQwhbVzsuQS3xT/1+36zt6CcgyLPM1QbA==",
      "dev": true,
      "bin": {
        "snyk": "bin/snyk"
      },
      "engines": {
        "node": ">=12"
      }
    }
  },
  "dependencies": {
    "snyk": {
      "version": "1.996.0",
      "resolved": "https://registry.npmjs.org/snyk/-/snyk-1.996.0.tgz",
      "integrity": "sha512-nq//Ely0bSt50LzX9Er5lCQNqTpaKn7I7xkhUB3Z+8rs8Jqha360HeQwhbVzsuQS3xT/1+36zt6CcgyLPM1QbA==",
      "dev": true
    }
  }
}
